
Microsoft Visual Studio Solution File, Format Version 12.00
# Visual Studio Version 16
VisualStudioVersion = 16.0.30907.101
MinimumVisualStudioVersion = 10.0.40219.1
Project("{8BC9CEB8-8B4A-11D0-8D11-00A0C91BC942}") = "proiect_child", "proiect_child\proiect_child.vcxproj", "{2B28160F-C514-4DAE-9EAC-E8770E94B6EC}"
EndProject
Global
	GlobalSection(SolutionConfigurationPlatforms) = preSolution
		Debug|x64 = Debug|x64
		Debug|x86 = Debug|x86
		Release|x64 = Release|x64
		Release|x86 = Release|x86
	EndGlobalSection
	GlobalSection(ProjectConfigurationPlatforms) = postSolution
		{2B28160F-C514-4DAE-9EAC-E8770E94B6EC}.Debug|x64.ActiveCfg = Debug|x64
		{2B28160F-C514-4DAE-9EAC-E8770E94B6EC}.Debug|x64.Build.0 = Debug|x64
		{2B28160F-C514-4DAE-9EAC-E8770E94B6EC}.Debug|x86.ActiveCfg = Debug|Win32
		{2B28160F-C514-4DAE-9EAC-E8770E94B6EC}.Debug|x86.Build.0 = Debug|Win32
		{2B28160F-C514-4DAE-9EAC-E8770E94B6EC}.Release|x64.ActiveCfg = Release|x64
		{2B28160F-C514-4DAE-9EAC-E8770E94B6EC}.Release|x64.Build.0 = Release|x64
		{2B28160F-C514-4DAE-9EAC-E8770E94B6EC}.Release|x86.ActiveCfg = Release|Win32
		{2B28160F-C514-4DAE-9EAC-E8770E94B6EC}.Release|x86.Build.0 = Release|Win32
	EndGlobalSection
	GlobalSection(SolutionProperties) = preSolution
		HideSolutionNode = FALSE
	EndGlobalSection
	GlobalSection(ExtensibilityGlobals) = postSolution
		SolutionGuid = {88A2055E-2972-409D-B0FF-60FEC751B027}
	EndGlobalSection
EndGlobal
